PODS:
  - SideMenu (6.5.0)
  - SwiftLint (0.42.0)

DEPENDENCIES:
  - SideMenu
  - SwiftLint

SPEC REPOS:
  trunk:
    - SideMenu
    - SwiftLint

SPEC CHECKSUMS:
  SideMenu: f583187d21c5b1dd04c72002be544b555a2627a2
  SwiftLint: 4fa9579c63416865179bc416f0a92d55f009600d

PODFILE CHECKSUM: cf27e6f015c1d85b4a5731a2037985c39488721c

COCOAPODS: 1.10.0
