// !$*UTF8*$!
{
	archiveVersion = 1;
	classes = {
	};
	objectVersion = 51;
	objects = {

/* Begin PBXBuildFile section */
		7420078825CFEDB90079869F /* AllTasksCollectionViewController.swift in Sources */ = {isa = PBXBuildFile; fileRef = 7420078725CFEDB90079869F /* AllTasksCollectionViewController.swift */; };
		7420078C25CFEDCB0079869F /* AllTasksCollectionViewController.storyboard in Resources */ = {isa = PBXBuildFile; fileRef = 7420078B25CFEDCB0079869F /* AllTasksCollectionViewController.storyboard */; };
		7420079025CFF6EE0079869F /* TaskCreatorViewController.swift in Sources */ = {isa = PBXBuildFile; fileRef = 7420078F25CFF6EE0079869F /* TaskCreatorViewController.swift */; };
		7420079325CFF7480079869F /* TaskCreatorViewcontroller.storyboard in Resources */ = {isa = PBXBuildFile; fileRef = 7420079225CFF7480079869F /* TaskCreatorViewcontroller.storyboard */; };
		7495578425CEA7D2000E52A0 /* AppDelegate.swift in Sources */ = {isa = PBXBuildFile; fileRef = 7495578325CEA7D2000E52A0 /* AppDelegate.swift */; };
		7495578625CEA7D2000E52A0 /* SceneDelegate.swift in Sources */ = {isa = PBXBuildFile; fileRef = 7495578525CEA7D2000E52A0 /* SceneDelegate.swift */; };
		7495578D25CEA7D5000E52A0 /* Assets.xcassets in Resources */ = {isa = PBXBuildFile; fileRef = 7495578C25CEA7D5000E52A0 /* Assets.xcassets */; };
		7495579025CEA7D5000E52A0 /* LaunchScreen.storyboard in Resources */ = {isa = PBXBuildFile; fileRef = 7495578E25CEA7D5000E52A0 /* LaunchScreen.storyboard */; };
		7495581425CF1ACE000E52A0 /* RegistrationViewController1.swift in Sources */ = {isa = PBXBuildFile; fileRef = 7495581325CF1ACE000E52A0 /* RegistrationViewController1.swift */; };
		7495581725CF1AEA000E52A0 /* RegistrationViewController1.storyboard in Resources */ = {isa = PBXBuildFile; fileRef = 7495581625CF1AEA000E52A0 /* RegistrationViewController1.storyboard */; };
		7495581B25CF3615000E52A0 /* ButtonCustomClass.swift in Sources */ = {isa = PBXBuildFile; fileRef = 7495581A25CF3615000E52A0 /* ButtonCustomClass.swift */; };
		7495582225CF3F0E000E52A0 /* RegistrationViewController2.swift in Sources */ = {isa = PBXBuildFile; fileRef = 7495582125CF3F0E000E52A0 /* RegistrationViewController2.swift */; };
		7495582625CF3F69000E52A0 /* RegistrationViewController2.storyboard in Resources */ = {isa = PBXBuildFile; fileRef = 7495582525CF3F69000E52A0 /* RegistrationViewController2.storyboard */; };
		7495584325CF4DD0000E52A0 /* RegistrationViewController3.storyboard in Resources */ = {isa = PBXBuildFile; fileRef = 7495584225CF4DD0000E52A0 /* RegistrationViewController3.storyboard */; };
		7495584725CF4E0F000E52A0 /* RegistrationViewController3.swift in Sources */ = {isa = PBXBuildFile; fileRef = 7495584625CF4E0F000E52A0 /* RegistrationViewController3.swift */; };
		7495584F25CF5811000E52A0 /* CollectionViewController.swift in Sources */ = {isa = PBXBuildFile; fileRef = 7495584E25CF5811000E52A0 /* CollectionViewController.swift */; };
		7495585725CF599F000E52A0 /* CollectionViewController.storyboard in Resources */ = {isa = PBXBuildFile; fileRef = 7495585625CF599F000E52A0 /* CollectionViewController.storyboard */; };
		7495585B25CF5AA8000E52A0 /* MenuViewController.swift in Sources */ = {isa = PBXBuildFile; fileRef = 7495585A25CF5AA7000E52A0 /* MenuViewController.swift */; };
		7495586425CF6CFD000E52A0 /* CollectionViewCell.swift in Sources */ = {isa = PBXBuildFile; fileRef = 7495586225CF6CFD000E52A0 /* CollectionViewCell.swift */; };
		7495586525CF6CFD000E52A0 /* CollectionViewCell.xib in Resources */ = {isa = PBXBuildFile; fileRef = 7495586325CF6CFD000E52A0 /* CollectionViewCell.xib */; };
		7495586925CF6D52000E52A0 /* ModelTask.swift in Sources */ = {isa = PBXBuildFile; fileRef = 7495586825CF6D52000E52A0 /* ModelTask.swift */; };
		7495586E25CF7254000E52A0 /* ColorExtension.swift in Sources */ = {isa = PBXBuildFile; fileRef = 7495586D25CF7254000E52A0 /* ColorExtension.swift */; };
		CCC223948E1695B9E69146B8 /* Pods_LoveChain.framework in Frameworks */ = {isa = PBXBuildFile; fileRef = 7C5A6FA64E3A7BE7931A49C1 /* Pods_LoveChain.framework */; };
/* End PBXBuildFile section */

/* Begin PBXFileReference section */
		49B2CC7E97361DDDDA2312AE /* Pods-LoveChain.debug.xcconfig */ = {isa = PBXFileReference; includeInIndex = 1; lastKnownFileType = text.xcconfig; name = "Pods-LoveChain.debug.xcconfig"; path = "Target Support Files/Pods-LoveChain/Pods-LoveChain.debug.xcconfig"; sourceTree = "<group>"; };
		64E85C04567426F994EBEAE8 /* Pods-LoveChain.release.xcconfig */ = {isa = PBXFileReference; includeInIndex = 1; lastKnownFileType = text.xcconfig; name = "Pods-LoveChain.release.xcconfig"; path = "Target Support Files/Pods-LoveChain/Pods-LoveChain.release.xcconfig"; sourceTree = "<group>"; };
		7420078725CFEDB90079869F /* AllTasksCollectionViewController.swift */ = {isa = PBXFileReference; lastKnownFileType = sourcecode.swift; path = AllTasksCollectionViewController.swift; sourceTree = "<group>"; };
		7420078B25CFEDCB0079869F /* AllTasksCollectionViewController.storyboard */ = {isa = PBXFileReference; lastKnownFileType = file.storyboard; path = AllTasksCollectionViewController.storyboard; sourceTree = "<group>"; };
		7420078F25CFF6EE0079869F /* TaskCreatorViewController.swift */ = {isa = PBXFileReference; lastKnownFileType = sourcecode.swift; path = TaskCreatorViewController.swift; sourceTree = "<group>"; };
		7420079225CFF7480079869F /* TaskCreatorViewcontroller.storyboard */ = {isa = PBXFileReference; lastKnownFileType = file.storyboard; path = TaskCreatorViewcontroller.storyboard; sourceTree = "<group>"; };
		7495578025CEA7D2000E52A0 /* LoveChain.app */ = {isa = PBXFileReference; explicitFileType = wrapper.application; includeInIndex = 0; path = LoveChain.app; sourceTree = BUILT_PRODUCTS_DIR; };
		7495578325CEA7D2000E52A0 /* AppDelegate.swift */ = {isa = PBXFileReference; lastKnownFileType = sourcecode.swift; path = AppDelegate.swift; sourceTree = "<group>"; };
		7495578525CEA7D2000E52A0 /* SceneDelegate.swift */ = {isa = PBXFileReference; lastKnownFileType = sourcecode.swift; path = SceneDelegate.swift; sourceTree = "<group>"; };
		7495578C25CEA7D5000E52A0 /* Assets.xcassets */ = {isa = PBXFileReference; lastKnownFileType = folder.assetcatalog; path = Assets.xcassets; sourceTree = "<group>"; };
		7495578F25CEA7D5000E52A0 /* Base */ = {isa = PBXFileReference; lastKnownFileType = file.storyboard; name = Base; path = Base.lproj/LaunchScreen.storyboard; sourceTree = "<group>"; };
		7495579125CEA7D5000E52A0 /* Info.plist */ = {isa = PBXFileReference; lastKnownFileType = text.plist.xml; path = Info.plist; sourceTree = "<group>"; };
		7495581325CF1ACE000E52A0 /* RegistrationViewController1.swift */ = {isa = PBXFileReference; lastKnownFileType = sourcecode.swift; path = RegistrationViewController1.swift; sourceTree = "<group>"; };
		7495581625CF1AEA000E52A0 /* RegistrationViewController1.storyboard */ = {isa = PBXFileReference; lastKnownFileType = file.storyboard; path = RegistrationViewController1.storyboard; sourceTree = "<group>"; };
		7495581A25CF3615000E52A0 /* ButtonCustomClass.swift */ = {isa = PBXFileReference; lastKnownFileType = sourcecode.swift; path = ButtonCustomClass.swift; sourceTree = "<group>"; };
		7495582125CF3F0E000E52A0 /* RegistrationViewController2.swift */ = {isa = PBXFileReference; lastKnownFileType = sourcecode.swift; path = RegistrationViewController2.swift; sourceTree = "<group>"; };
		7495582525CF3F69000E52A0 /* RegistrationViewController2.storyboard */ = {isa = PBXFileReference; lastKnownFileType = file.storyboard; path = RegistrationViewController2.storyboard; sourceTree = "<group>"; };
		7495584225CF4DD0000E52A0 /* RegistrationViewController3.storyboard */ = {isa = PBXFileReference; lastKnownFileType = file.storyboard; path = RegistrationViewController3.storyboard; sourceTree = "<group>"; };
		7495584625CF4E0F000E52A0 /* RegistrationViewController3.swift */ = {isa = PBXFileReference; lastKnownFileType = sourcecode.swift; path = RegistrationViewController3.swift; sourceTree = "<group>"; };
		7495584E25CF5811000E52A0 /* CollectionViewController.swift */ = {isa = PBXFileReference; lastKnownFileType = sourcecode.swift; path = CollectionViewController.swift; sourceTree = "<group>"; };
		7495585625CF599F000E52A0 /* CollectionViewController.storyboard */ = {isa = PBXFileReference; lastKnownFileType = file.storyboard; path = CollectionViewController.storyboard; sourceTree = "<group>"; };
		7495585A25CF5AA7000E52A0 /* MenuViewController.swift */ = {isa = PBXFileReference; lastKnownFileType = sourcecode.swift; path = MenuViewController.swift; sourceTree = "<group>"; };
		7495586225CF6CFD000E52A0 /* CollectionViewCell.swift */ = {isa = PBXFileReference; lastKnownFileType = sourcecode.swift; path = CollectionViewCell.swift; sourceTree = "<group>"; };
		7495586325CF6CFD000E52A0 /* CollectionViewCell.xib */ = {isa = PBXFileReference; lastKnownFileType = file.xib; path = CollectionViewCell.xib; sourceTree = "<group>"; };
		7495586825CF6D52000E52A0 /* ModelTask.swift */ = {isa = PBXFileReference; lastKnownFileType = sourcecode.swift; path = ModelTask.swift; sourceTree = "<group>"; };
		7495586D25CF7254000E52A0 /* ColorExtension.swift */ = {isa = PBXFileReference; lastKnownFileType = sourcecode.swift; path = ColorExtension.swift; sourceTree = "<group>"; };
		7C5A6FA64E3A7BE7931A49C1 /* Pods_LoveChain.framework */ = {isa = PBXFileReference; explicitFileType = wrapper.framework; includeInIndex = 0; path = Pods_LoveChain.framework; sourceTree = BUILT_PRODUCTS_DIR; };
/* End PBXFileReference section */

/* Begin PBXFrameworksBuildPhase section */
		7495577D25CEA7D2000E52A0 /* Frameworks */ = {
			isa = PBXFrameworksBuildPhase;
			buildActionMask = 2147483647;
			files = (
				CCC223948E1695B9E69146B8 /* Pods_LoveChain.framework in Frameworks */,
			);
			runOnlyForDeploymentPostprocessing = 0;
		};
/* End PBXFrameworksBuildPhase section */

/* Begin PBXGroup section */
		7420078325CFE6EB0079869F /* Model */ = {
			isa = PBXGroup;
			children = (
				7495586825CF6D52000E52A0 /* ModelTask.swift */,
			);
			path = Model;
			sourceTree = "<group>";
		};
		7420078525CFED360079869F /* CollectionViewControllers */ = {
			isa = PBXGroup;
			children = (
				7420078E25CFF6A90079869F /* TaskCreatorViewController */,
				7420078625CFED7A0079869F /* AllTaskdCollectionViewController */,
				7495584D25CF57D2000E52A0 /* CollectionViewController */,
			);
			path = CollectionViewControllers;
			sourceTree = "<group>";
		};
		7420078625CFED7A0079869F /* AllTaskdCollectionViewController */ = {
			isa = PBXGroup;
			children = (
				7420078725CFEDB90079869F /* AllTasksCollectionViewController.swift */,
				7420078B25CFEDCB0079869F /* AllTasksCollectionViewController.storyboard */,
			);
			path = AllTaskdCollectionViewController;
			sourceTree = "<group>";
		};
		7420078E25CFF6A90079869F /* TaskCreatorViewController */ = {
			isa = PBXGroup;
			children = (
				7420078F25CFF6EE0079869F /* TaskCreatorViewController.swift */,
				7420079225CFF7480079869F /* TaskCreatorViewcontroller.storyboard */,
			);
			path = TaskCreatorViewController;
			sourceTree = "<group>";
		};
		7495577725CEA7D2000E52A0 = {
			isa = PBXGroup;
			children = (
				7495578225CEA7D2000E52A0 /* LoveChain */,
				7495578125CEA7D2000E52A0 /* Products */,
				8122893B30C275E5507B076D /* Pods */,
				8BA014FC7E87D347FB3532D8 /* Frameworks */,
			);
			sourceTree = "<group>";
		};
		7495578125CEA7D2000E52A0 /* Products */ = {
			isa = PBXGroup;
			children = (
				7495578025CEA7D2000E52A0 /* LoveChain.app */,
			);
			name = Products;
			sourceTree = "<group>";
		};
		7495578225CEA7D2000E52A0 /* LoveChain */ = {
			isa = PBXGroup;
			children = (
				7420078525CFED360079869F /* CollectionViewControllers */,
				7495585925CF5A8E000E52A0 /* Menu */,
				7495584B25CF573B000E52A0 /* Configuration */,
				7495581925CF35EC000E52A0 /* CustomClasses */,
				7495580B25CF1684000E52A0 /* Registration */,
				7495578C25CEA7D5000E52A0 /* Assets.xcassets */,
				7495579125CEA7D5000E52A0 /* Info.plist */,
			);
			path = LoveChain;
			sourceTree = "<group>";
		};
		7495580B25CF1684000E52A0 /* Registration */ = {
			isa = PBXGroup;
			children = (
				7495583E25CF4D98000E52A0 /* 3 */,
				7495582025CF3ED9000E52A0 /* 2 */,
				7495581E25CF3EC9000E52A0 /* 1 */,
			);
			path = Registration;
			sourceTree = "<group>";
		};
		7495581925CF35EC000E52A0 /* CustomClasses */ = {
			isa = PBXGroup;
			children = (
				7495581A25CF3615000E52A0 /* ButtonCustomClass.swift */,
				7495586D25CF7254000E52A0 /* ColorExtension.swift */,
			);
			path = CustomClasses;
			sourceTree = "<group>";
		};
		7495581E25CF3EC9000E52A0 /* 1 */ = {
			isa = PBXGroup;
			children = (
				7495581325CF1ACE000E52A0 /* RegistrationViewController1.swift */,
				7495581625CF1AEA000E52A0 /* RegistrationViewController1.storyboard */,
			);
			path = 1;
			sourceTree = "<group>";
		};
		7495582025CF3ED9000E52A0 /* 2 */ = {
			isa = PBXGroup;
			children = (
				7495582125CF3F0E000E52A0 /* RegistrationViewController2.swift */,
				7495582525CF3F69000E52A0 /* RegistrationViewController2.storyboard */,
			);
			path = 2;
			sourceTree = "<group>";
		};
		7495583E25CF4D98000E52A0 /* 3 */ = {
			isa = PBXGroup;
			children = (
				7495584625CF4E0F000E52A0 /* RegistrationViewController3.swift */,
				7495584225CF4DD0000E52A0 /* RegistrationViewController3.storyboard */,
			);
			path = 3;
			sourceTree = "<group>";
		};
		7495584B25CF573B000E52A0 /* Configuration */ = {
			isa = PBXGroup;
			children = (
				7495578325CEA7D2000E52A0 /* AppDelegate.swift */,
				7495578525CEA7D2000E52A0 /* SceneDelegate.swift */,
				7495578E25CEA7D5000E52A0 /* LaunchScreen.storyboard */,
			);
			path = Configuration;
			sourceTree = "<group>";
		};
		7495584D25CF57D2000E52A0 /* CollectionViewController */ = {
			isa = PBXGroup;
			children = (
				7420078325CFE6EB0079869F /* Model */,
				7495586125CF6CCD000E52A0 /* CollectionViewCell */,
				7495584E25CF5811000E52A0 /* CollectionViewController.swift */,
				7495585625CF599F000E52A0 /* CollectionViewController.storyboard */,
			);
			path = CollectionViewController;
			sourceTree = "<group>";
		};
		7495585925CF5A8E000E52A0 /* Menu */ = {
			isa = PBXGroup;
			children = (
				7495585A25CF5AA7000E52A0 /* MenuViewController.swift */,
			);
			path = Menu;
			sourceTree = "<group>";
		};
		7495586125CF6CCD000E52A0 /* CollectionViewCell */ = {
			isa = PBXGroup;
			children = (
				7495586225CF6CFD000E52A0 /* CollectionViewCell.swift */,
				7495586325CF6CFD000E52A0 /* CollectionViewCell.xib */,
			);
			path = CollectionViewCell;
			sourceTree = "<group>";
		};
		8122893B30C275E5507B076D /* Pods */ = {
			isa = PBXGroup;
			children = (
				49B2CC7E97361DDDDA2312AE /* Pods-LoveChain.debug.xcconfig */,
				64E85C04567426F994EBEAE8 /* Pods-LoveChain.release.xcconfig */,
			);
			path = Pods;
			sourceTree = "<group>";
		};
		8BA014FC7E87D347FB3532D8 /* Frameworks */ = {
			isa = PBXGroup;
			children = (
				7C5A6FA64E3A7BE7931A49C1 /* Pods_LoveChain.framework */,
			);
			name = Frameworks;
			sourceTree = "<group>";
		};
/* End PBXGroup section */

/* Begin PBXNativeTarget section */
		7495577F25CEA7D2000E52A0 /* LoveChain */ = {
			isa = PBXNativeTarget;
			buildConfigurationList = 7495579425CEA7D5000E52A0 /* Build configuration list for PBXNativeTarget "LoveChain" */;
			buildPhases = (
				4C380B13A5BE699547E2B42D /* [CP] Check Pods Manifest.lock */,
				7495577C25CEA7D2000E52A0 /* Sources */,
				7495577D25CEA7D2000E52A0 /* Frameworks */,
				7495577E25CEA7D2000E52A0 /* Resources */,
				DD11CDA4B30DAC304631BACA /* [CP] Embed Pods Frameworks */,
			);
			buildRules = (
			);
			dependencies = (
			);
			name = LoveChain;
			productName = TestApp;
			productReference = 7495578025CEA7D2000E52A0 /* LoveChain.app */;
			productType = "com.apple.product-type.application";
		};
/* End PBXNativeTarget section */

/* Begin PBXProject section */
		7495577825CEA7D2000E52A0 /* Project object */ = {
			isa = PBXProject;
			attributes = {
				LastSwiftUpdateCheck = 1230;
				LastUpgradeCheck = 1230;
				TargetAttributes = {
					7495577F25CEA7D2000E52A0 = {
						CreatedOnToolsVersion = 12.3;
					};
				};
			};
			buildConfigurationList = 7495577B25CEA7D2000E52A0 /* Build configuration list for PBXProject "LoveChain" */;
			compatibilityVersion = "Xcode 9.3";
			developmentRegion = en;
			hasScannedForEncodings = 0;
			knownRegions = (
				en,
				Base,
			);
			mainGroup = 7495577725CEA7D2000E52A0;
			productRefGroup = 7495578125CEA7D2000E52A0 /* Products */;
			projectDirPath = "";
			projectRoot = "";
			targets = (
				7495577F25CEA7D2000E52A0 /* LoveChain */,
			);
		};
/* End PBXProject section */

/* Begin PBXResourcesBuildPhase section */
		7495577E25CEA7D2000E52A0 /* Resources */ = {
			isa = PBXResourcesBuildPhase;
			buildActionMask = 2147483647;
			files = (
				7495584325CF4DD0000E52A0 /* RegistrationViewController3.storyboard in Resources */,
				7420079325CFF7480079869F /* TaskCreatorViewcontroller.storyboard in Resources */,
				7495586525CF6CFD000E52A0 /* CollectionViewCell.xib in Resources */,
				7495581725CF1AEA000E52A0 /* RegistrationViewController1.storyboard in Resources */,
				7495579025CEA7D5000E52A0 /* LaunchScreen.storyboard in Resources */,
				7420078C25CFEDCB0079869F /* AllTasksCollectionViewController.storyboard in Resources */,
				7495585725CF599F000E52A0 /* CollectionViewController.storyboard in Resources */,
				7495582625CF3F69000E52A0 /* RegistrationViewController2.storyboard in Resources */,
				7495578D25CEA7D5000E52A0 /* Assets.xcassets in Resources */,
			);
			runOnlyForDeploymentPostprocessing = 0;
		};
/* End PBXResourcesBuildPhase section */

/* Begin PBXShellScriptBuildPhase section */
		4C380B13A5BE699547E2B42D /* [CP] Check Pods Manifest.lock */ = {
			isa = PBXShellScriptBuildPhase;
			buildActionMask = 2147483647;
			files = (
			);
			inputFileListPaths = (
			);
			inputPaths = (
				"${PODS_PODFILE_DIR_PATH}/Podfile.lock",
				"${PODS_ROOT}/Manifest.lock",
			);
			name = "[CP] Check Pods Manifest.lock";
			outputFileListPaths = (
			);
			outputPaths = (
				"$(DERIVED_FILE_DIR)/Pods-LoveChain-checkManifestLockResult.txt",
			);
			runOnlyForDeploymentPostprocessing = 0;
			shellPath = /bin/sh;
			shellScript = "diff \"${PODS_PODFILE_DIR_PATH}/Podfile.lock\" \"${PODS_ROOT}/Manifest.lock\" > /dev/null\nif [ $? != 0 ] ; then\n    # print error to STDERR\n    echo \"error: The sandbox is not in sync with the Podfile.lock. Run 'pod install' or update your CocoaPods installation.\" >&2\n    exit 1\nfi\n# This output is used by Xcode 'outputs' to avoid re-running this script phase.\necho \"SUCCESS\" > \"${SCRIPT_OUTPUT_FILE_0}\"\n";
			showEnvVarsInLog = 0;
		};
		DD11CDA4B30DAC304631BACA /* [CP] Embed Pods Frameworks */ = {
			isa = PBXShellScriptBuildPhase;
			buildActionMask = 2147483647;
			files = (
			);
			inputFileListPaths = (
				"${PODS_ROOT}/Target Support Files/Pods-LoveChain/Pods-LoveChain-frameworks-${CONFIGURATION}-input-files.xcfilelist",
			);
			name = "[CP] Embed Pods Frameworks";
			outputFileListPaths = (
				"${PODS_ROOT}/Target Support Files/Pods-LoveChain/Pods-LoveChain-frameworks-${CONFIGURATION}-output-files.xcfilelist",
			);
			runOnlyForDeploymentPostprocessing = 0;
			shellPath = /bin/sh;
			shellScript = "\"${PODS_ROOT}/Target Support Files/Pods-LoveChain/Pods-LoveChain-frameworks.sh\"\n";
			showEnvVarsInLog = 0;
		};
/* End PBXShellScriptBuildPhase section */

/* Begin PBXSourcesBuildPhase section */
		7495577C25CEA7D2000E52A0 /* Sources */ = {
			isa = PBXSourcesBuildPhase;
			buildActionMask = 2147483647;
			files = (
				7495581425CF1ACE000E52A0 /* RegistrationViewController1.swift in Sources */,
				7495582225CF3F0E000E52A0 /* RegistrationViewController2.swift in Sources */,
				7495586425CF6CFD000E52A0 /* CollectionViewCell.swift in Sources */,
				7495581B25CF3615000E52A0 /* ButtonCustomClass.swift in Sources */,
				7495578425CEA7D2000E52A0 /* AppDelegate.swift in Sources */,
				7420079025CFF6EE0079869F /* TaskCreatorViewController.swift in Sources */,
				7495584F25CF5811000E52A0 /* CollectionViewController.swift in Sources */,
				7495586925CF6D52000E52A0 /* ModelTask.swift in Sources */,
				7420078825CFEDB90079869F /* AllTasksCollectionViewController.swift in Sources */,
				7495578625CEA7D2000E52A0 /* SceneDelegate.swift in Sources */,
				7495584725CF4E0F000E52A0 /* RegistrationViewController3.swift in Sources */,
				7495586E25CF7254000E52A0 /* ColorExtension.swift in Sources */,
				7495585B25CF5AA8000E52A0 /* MenuViewController.swift in Sources */,
			);
			runOnlyForDeploymentPostprocessing = 0;
		};
/* End PBXSourcesBuildPhase section */

/* Begin PBXVariantGroup section */
		7495578E25CEA7D5000E52A0 /* LaunchScreen.storyboard */ = {
			isa = PBXVariantGroup;
			children = (
				7495578F25CEA7D5000E52A0 /* Base */,
			);
			name = LaunchScreen.storyboard;
			sourceTree = "<group>";
		};
/* End PBXVariantGroup section */

/* Begin XCBuildConfiguration section */
		7495579225CEA7D5000E52A0 /* Debug */ = {
			isa = XCBuildConfiguration;
			buildSettings = {
				ALWAYS_SEARCH_USER_PATHS = NO;
				CLANG_ANALYZER_NONNULL = YES;
				CLANG_ANALYZER_NUMBER_OBJECT_CONVERSION = YES_AGGRESSIVE;
				CLANG_CXX_LANGUAGE_STANDARD = "gnu++14";
				CLANG_CXX_LIBRARY = "libc++";
				CLANG_ENABLE_MODULES = YES;
				CLANG_ENABLE_OBJC_ARC = YES;
				CLANG_ENABLE_OBJC_WEAK = YES;
				CLANG_WARN_BLOCK_CAPTURE_AUTORELEASING = YES;
				CLANG_WARN_BOOL_CONVERSION = YES;
				CLANG_WARN_COMMA = YES;
				CLANG_WARN_CONSTANT_CONVERSION = YES;
				CLANG_WARN_DEPRECATED_OBJC_IMPLEMENTATIONS = YES;
				CLANG_WARN_DIRECT_OBJC_ISA_USAGE = YES_ERROR;
				CLANG_WARN_DOCUMENTATION_COMMENTS = YES;
				CLANG_WARN_EMPTY_BODY = YES;
				CLANG_WARN_ENUM_CONVERSION = YES;
				CLANG_WARN_INFINITE_RECURSION = YES;
				CLANG_WARN_INT_CONVERSION = YES;
				CLANG_WARN_NON_LITERAL_NULL_CONVERSION = YES;
				CLANG_WARN_OBJC_IMPLICIT_RETAIN_SELF = YES;
				CLANG_WARN_OBJC_LITERAL_CONVERSION = YES;
				CLANG_WARN_OBJC_ROOT_CLASS = YES_ERROR;
				CLANG_WARN_QUOTED_INCLUDE_IN_FRAMEWORK_HEADER = YES;
				CLANG_WARN_RANGE_LOOP_ANALYSIS = YES;
				CLANG_WARN_STRICT_PROTOTYPES = YES;
				CLANG_WARN_SUSPICIOUS_MOVE = YES;
				CLANG_WARN_UNGUARDED_AVAILABILITY = YES_AGGRESSIVE;
				CLANG_WARN_UNREACHABLE_CODE = YES;
				CLANG_WARN__DUPLICATE_METHOD_MATCH = YES;
				COPY_PHASE_STRIP = NO;
				DEBUG_INFORMATION_FORMAT = dwarf;
				ENABLE_STRICT_OBJC_MSGSEND = YES;
				ENABLE_TESTABILITY = YES;
				GCC_C_LANGUAGE_STANDARD = gnu11;
				GCC_DYNAMIC_NO_PIC = NO;
				GCC_NO_COMMON_BLOCKS = YES;
				GCC_OPTIMIZATION_LEVEL = 0;
				GCC_PREPROCESSOR_DEFINITIONS = (
					"DEBUG=1",
					"$(inherited)",
				);
				GCC_WARN_64_TO_32_BIT_CONVERSION = YES;
				GCC_WARN_ABOUT_RETURN_TYPE = YES_ERROR;
				GCC_WARN_UNDECLARED_SELECTOR = YES;
				GCC_WARN_UNINITIALIZED_AUTOS = YES_AGGRESSIVE;
				GCC_WARN_UNUSED_FUNCTION = YES;
				GCC_WARN_UNUSED_VARIABLE = YES;
				IPHONEOS_DEPLOYMENT_TARGET = 14.3;
				MTL_ENABLE_DEBUG_INFO = INCLUDE_SOURCE;
				MTL_FAST_MATH = YES;
				ONLY_ACTIVE_ARCH = YES;
				SDKROOT = iphoneos;
				SWIFT_ACTIVE_COMPILATION_CONDITIONS = DEBUG;
				SWIFT_OPTIMIZATION_LEVEL = "-Onone";
			};
			name = Debug;
		};
		7495579325CEA7D5000E52A0 /* Release */ = {
			isa = XCBuildConfiguration;
			buildSettings = {
				ALWAYS_SEARCH_USER_PATHS = NO;
				CLANG_ANALYZER_NONNULL = YES;
				CLANG_ANALYZER_NUMBER_OBJECT_CONVERSION = YES_AGGRESSIVE;
				CLANG_CXX_LANGUAGE_STANDARD = "gnu++14";
				CLANG_CXX_LIBRARY = "libc++";
				CLANG_ENABLE_MODULES = YES;
				CLANG_ENABLE_OBJC_ARC = YES;
				CLANG_ENABLE_OBJC_WEAK = YES;
				CLANG_WARN_BLOCK_CAPTURE_AUTORELEASING = YES;
				CLANG_WARN_BOOL_CONVERSION = YES;
				CLANG_WARN_COMMA = YES;
				CLANG_WARN_CONSTANT_CONVERSION = YES;
				CLANG_WARN_DEPRECATED_OBJC_IMPLEMENTATIONS = YES;
				CLANG_WARN_DIRECT_OBJC_ISA_USAGE = YES_ERROR;
				CLANG_WARN_DOCUMENTATION_COMMENTS = YES;
				CLANG_WARN_EMPTY_BODY = YES;
				CLANG_WARN_ENUM_CONVERSION = YES;
				CLANG_WARN_INFINITE_RECURSION = YES;
				CLANG_WARN_INT_CONVERSION = YES;
				CLANG_WARN_NON_LITERAL_NULL_CONVERSION = YES;
				CLANG_WARN_OBJC_IMPLICIT_RETAIN_SELF = YES;
				CLANG_WARN_OBJC_LITERAL_CONVERSION = YES;
				CLANG_WARN_OBJC_ROOT_CLASS = YES_ERROR;
				CLANG_WARN_QUOTED_INCLUDE_IN_FRAMEWORK_HEADER = YES;
				CLANG_WARN_RANGE_LOOP_ANALYSIS = YES;
				CLANG_WARN_STRICT_PROTOTYPES = YES;
				CLANG_WARN_SUSPICIOUS_MOVE = YES;
				CLANG_WARN_UNGUARDED_AVAILABILITY = YES_AGGRESSIVE;
				CLANG_WARN_UNREACHABLE_CODE = YES;
				CLANG_WARN__DUPLICATE_METHOD_MATCH = YES;
				COPY_PHASE_STRIP = NO;
				DEBUG_INFORMATION_FORMAT = "dwarf-with-dsym";
				ENABLE_NS_ASSERTIONS = NO;
				ENABLE_STRICT_OBJC_MSGSEND = YES;
				GCC_C_LANGUAGE_STANDARD = gnu11;
				GCC_NO_COMMON_BLOCKS = YES;
				GCC_WARN_64_TO_32_BIT_CONVERSION = YES;
				GCC_WARN_ABOUT_RETURN_TYPE = YES_ERROR;
				GCC_WARN_UNDECLARED_SELECTOR = YES;
				GCC_WARN_UNINITIALIZED_AUTOS = YES_AGGRESSIVE;
				GCC_WARN_UNUSED_FUNCTION = YES;
				GCC_WARN_UNUSED_VARIABLE = YES;
				IPHONEOS_DEPLOYMENT_TARGET = 14.3;
				MTL_ENABLE_DEBUG_INFO = NO;
				MTL_FAST_MATH = YES;
				SDKROOT = iphoneos;
				SWIFT_COMPILATION_MODE = wholemodule;
				SWIFT_OPTIMIZATION_LEVEL = "-O";
				VALIDATE_PRODUCT = YES;
			};
			name = Release;
		};
		7495579525CEA7D5000E52A0 /* Debug */ = {
			isa = XCBuildConfiguration;
			baseConfigurationReference = 49B2CC7E97361DDDDA2312AE /* Pods-LoveChain.debug.xcconfig */;
			buildSettings = {
				ASSETCATALOG_COMPILER_APPICON_NAME = AppIcon;
				ASSETCATALOG_COMPILER_GLOBAL_ACCENT_COLOR_NAME = AccentColor;
				CODE_SIGN_STYLE = Automatic;
				INFOPLIST_FILE = LoveChain/Info.plist;
				LD_RUNPATH_SEARCH_PATHS = (
					"$(inherited)",
					"@executable_path/Frameworks",
				);
				PRODUCT_BUNDLE_IDENTIFIER = ios.TestApp;
				PRODUCT_NAME = "$(TARGET_NAME)";
				SWIFT_VERSION = 5.0;
				TARGETED_DEVICE_FAMILY = 1;
			};
			name = Debug;
		};
		7495579625CEA7D5000E52A0 /* Release */ = {
			isa = XCBuildConfiguration;
			baseConfigurationReference = 64E85C04567426F994EBEAE8 /* Pods-LoveChain.release.xcconfig */;
			buildSettings = {
				ASSETCATALOG_COMPILER_APPICON_NAME = AppIcon;
				ASSETCATALOG_COMPILER_GLOBAL_ACCENT_COLOR_NAME = AccentColor;
				CODE_SIGN_STYLE = Automatic;
				INFOPLIST_FILE = LoveChain/Info.plist;
				LD_RUNPATH_SEARCH_PATHS = (
					"$(inherited)",
					"@executable_path/Frameworks",
				);
				PRODUCT_BUNDLE_IDENTIFIER = ios.TestApp;
				PRODUCT_NAME = "$(TARGET_NAME)";
				SWIFT_VERSION = 5.0;
				TARGETED_DEVICE_FAMILY = 1;
			};
			name = Release;
		};
/* End XCBuildConfiguration section */

/* Begin XCConfigurationList section */
		7495577B25CEA7D2000E52A0 /* Build configuration list for PBXProject "LoveChain" */ = {
			isa = XCConfigurationList;
			buildConfigurations = (
				7495579225CEA7D5000E52A0 /* Debug */,
				7495579325CEA7D5000E52A0 /* Release */,
			);
			defaultConfigurationIsVisible = 0;
			defaultConfigurationName = Release;
		};
		7495579425CEA7D5000E52A0 /* Build configuration list for PBXNativeTarget "LoveChain" */ = {
			isa = XCConfigurationList;
			buildConfigurations = (
				7495579525CEA7D5000E52A0 /* Debug */,
				7495579625CEA7D5000E52A0 /* Release */,
			);
			defaultConfigurationIsVisible = 0;
			defaultConfigurationName = Release;
		};
/* End XCConfigurationList section */
	};
	rootObject = 7495577825CEA7D2000E52A0 /* Project object */;
}
